
Microsoft Visual Studio Solution File, Format Version 12.00
# Visual Studio Version 17
VisualStudioVersion = 17.11.35222.181
MinimumVisualStudioVersion = 10.0.40219.1
Project("{FAE04EC0-301F-11D3-BF4B-00C04F79EFBC}") = "Calculator", "Calculator\Calculator.csproj", "{ADF0549D-35FA-43AB-8C5F-69E3060FBBB6}"
EndProject
Global
	GlobalSection(SolutionConfigurationPlatforms) = preSolution
		Debug|Any CPU = Debug|Any CPU
		Release|Any CPU = Release|Any CPU
	EndGlobalSection
	GlobalSection(ProjectConfigurationPlatforms) = postSolution
		{ADF0549D-35FA-43AB-8C5F-69E3060FBBB6}.Debug|Any CPU.ActiveCfg = Debug|Any CPU
		{ADF0549D-35FA-43AB-8C5F-69E3060FBBB6}.Debug|Any CPU.Build.0 = Debug|Any CPU
		{ADF0549D-35FA-43AB-8C5F-69E3060FBBB6}.Release|Any CPU.ActiveCfg = Release|Any CPU
		{ADF0549D-35FA-43AB-8C5F-69E3060FBBB6}.Release|Any CPU.Build.0 = Release|Any CPU
	EndGlobalSection
	GlobalSection(SolutionProperties) = preSolution
		HideSolutionNode = FALSE
	EndGlobalSection
	GlobalSection(ExtensibilityGlobals) = postSolution
		SolutionGuid = {0994E8AB-28FC-4CF3-A571-3BC00765EC65}
	EndGlobalSection
EndGlobal
